
Microsoft Visual Studio Solution File, Format Version 12.00
# Visual Studio Version 16
VisualStudioVersion = 16.0.30717.126
MinimumVisualStudioVersion = 10.0.40219.1
Project("{9A19103F-16F7-4668-BE54-9A1E7A4F7556}") = "ThiChungChiModels", "ThiChungChiModels\ThiChungChiModels.csproj", "{6C27E246-9BBC-491A-89BB-F8A727F1FD65}"
EndProject
Project("{FAE04EC0-301F-11D3-BF4B-00C04F79EFBC}") = "TestFrm", "TestFrm\TestFrm.csproj", "{7BB1FECE-7411-49FE-AA43-A63E27C2F788}"
EndProject
Project("{9A19103F-16F7-4668-BE54-9A1E7A4F7556}") = "ThiChungChi", "ThiChungChi\ThiChungChi.csproj", "{F55CBD7E-230B-4E25-AFB7-AF3B76DE847C}"
EndProject
Project("{9A19103F-16F7-4668-BE54-9A1E7A4F7556}") = "ThiChungChiES", "ThiChungChiES\ThiChungChiES.csproj", "{2820F259-F40C-4367-AF38-A1996DED0733}"
EndProject
Global
	GlobalSection(SolutionConfigurationPlatforms) = preSolution
		Debug|Any CPU = Debug|Any CPU
		Release|Any CPU = Release|Any CPU
	EndGlobalSection
	GlobalSection(ProjectConfigurationPlatforms) = postSolution
		{6C27E246-9BBC-491A-89BB-F8A727F1FD65}.Debug|Any CPU.ActiveCfg = Debug|Any CPU
		{6C27E246-9BBC-491A-89BB-F8A727F1FD65}.Debug|Any CPU.Build.0 = Debug|Any CPU
		{6C27E246-9BBC-491A-89BB-F8A727F1FD65}.Release|Any CPU.ActiveCfg = Release|Any CPU
		{6C27E246-9BBC-491A-89BB-F8A727F1FD65}.Release|Any CPU.Build.0 = Release|Any CPU
		{7BB1FECE-7411-49FE-AA43-A63E27C2F788}.Debug|Any CPU.ActiveCfg = Debug|Any CPU
		{7BB1FECE-7411-49FE-AA43-A63E27C2F788}.Debug|Any CPU.Build.0 = Debug|Any CPU
		{7BB1FECE-7411-49FE-AA43-A63E27C2F788}.Release|Any CPU.ActiveCfg = Release|Any CPU
		{7BB1FECE-7411-49FE-AA43-A63E27C2F788}.Release|Any CPU.Build.0 = Release|Any CPU
		{F55CBD7E-230B-4E25-AFB7-AF3B76DE847C}.Debug|Any CPU.ActiveCfg = Debug|Any CPU
		{F55CBD7E-230B-4E25-AFB7-AF3B76DE847C}.Debug|Any CPU.Build.0 = Debug|Any CPU
		{F55CBD7E-230B-4E25-AFB7-AF3B76DE847C}.Release|Any CPU.ActiveCfg = Release|Any CPU
		{F55CBD7E-230B-4E25-AFB7-AF3B76DE847C}.Release|Any CPU.Build.0 = Release|Any CPU
		{2820F259-F40C-4367-AF38-A1996DED0733}.Debug|Any CPU.ActiveCfg = Debug|Any CPU
		{2820F259-F40C-4367-AF38-A1996DED0733}.Debug|Any CPU.Build.0 = Debug|Any CPU
		{2820F259-F40C-4367-AF38-A1996DED0733}.Release|Any CPU.ActiveCfg = Release|Any CPU
		{2820F259-F40C-4367-AF38-A1996DED0733}.Release|Any CPU.Build.0 = Release|Any CPU
	EndGlobalSection
	GlobalSection(SolutionProperties) = preSolution
		HideSolutionNode = FALSE
	EndGlobalSection
	GlobalSection(ExtensibilityGlobals) = postSolution
		SolutionGuid = {8C1150A1-08C4-4E37-92BF-8DAC9D4C6374}
	EndGlobalSection
EndGlobal
